// !$*UTF8*$!
{
	archiveVersion = 1;
	classes = {
	};
	objectVersion = 46;
	objects = {

/* Begin PBXBuildFile section */
		CDC76ED51D0E9C55004F5DC0 /* AppDelegate.swift in Sources */ = {isa = PBXBuildFile; fileRef = CDC76ED41D0E9C55004F5DC0 /* AppDelegate.swift */; };
		CDC76ED71D0E9C55004F5DC0 /* ViewController.swift in Sources */ = {isa = PBXBuildFile; fileRef = CDC76ED61D0E9C55004F5DC0 /* ViewController.swift */; };
		CDC76EDA1D0E9C55004F5DC0 /* Main.storyboard in Resources */ = {isa = PBXBuildFile; fileRef = CDC76ED81D0E9C55004F5DC0 /* Main.storyboard */; };
		CDC76EDC1D0E9C55004F5DC0 /* Assets.xcassets in Resources */ = {isa = PBXBuildFile; fileRef = CDC76EDB1D0E9C55004F5DC0 /* Assets.xcassets */; };
		CDC76EDF1D0E9C55004F5DC0 /* LaunchScreen.storyboard in Resources */ = {isa = PBXBuildFile; fileRef = CDC76EDD1D0E9C55004F5DC0 /* LaunchScreen.storyboard */; };
		CDC76EE71D0EA7F4004F5DC0 /* Screen Shot 2016-06-09 at 23.25.18.png in Resources */ = {isa = PBXBuildFile; fileRef = CDC76EE61D0EA7F4004F5DC0 /* Screen Shot 2016-06-09 at 23.25.18.png */; };
		CDC76EE91D0EA839004F5DC0 /* ExploreCollectionViewController.swift in Sources */ = {isa = PBXBuildFile; fileRef = CDC76EE81D0EA839004F5DC0 /* ExploreCollectionViewController.swift */; };
		CDC76EEB1D0EAAB4004F5DC0 /* ExplorePhotoCollectionViewCell.swift in Sources */ = {isa = PBXBuildFile; fileRef = CDC76EEA1D0EAAB4004F5DC0 /* ExplorePhotoCollectionViewCell.swift */; };
/* End PBXBuildFile section */

/* Begin PBXFileReference section */
		CDC76ED11D0E9C55004F5DC0 /* InstaFeed.app */ = {isa = PBXFileReference; explicitFileType = wrapper.application; includeInIndex = 0; path = InstaFeed.app; sourceTree = BUILT_PRODUCTS_DIR; };
		CDC76ED41D0E9C55004F5DC0 /* AppDelegate.swift */ = {isa = PBXFileReference; lastKnownFileType = sourcecode.swift; path = AppDelegate.swift; sourceTree = "<group>"; };
		CDC76ED61D0E9C55004F5DC0 /* ViewController.swift */ = {isa = PBXFileReference; lastKnownFileType = sourcecode.swift; path = ViewController.swift; sourceTree = "<group>"; };
		CDC76ED91D0E9C55004F5DC0 /* Base */ = {isa = PBXFileReference; lastKnownFileType = file.storyboard; name = Base; path = Base.lproj/Main.storyboard; sourceTree = "<group>"; };
		CDC76EDB1D0E9C55004F5DC0 /* Assets.xcassets */ = {isa = PBXFileReference; lastKnownFileType = folder.assetcatalog; path = Assets.xcassets; sourceTree = "<group>"; };
		CDC76EDE1D0E9C55004F5DC0 /* Base */ = {isa = PBXFileReference; lastKnownFileType = file.storyboard; name = Base; path = Base.lproj/LaunchScreen.storyboard; sourceTree = "<group>"; };
		CDC76EE01D0E9C55004F5DC0 /* Info.plist */ = {isa = PBXFileReference; lastKnownFileType = text.plist.xml; path = Info.plist; sourceTree = "<group>"; };
		CDC76EE61D0EA7F4004F5DC0 /* Screen Shot 2016-06-09 at 23.25.18.png */ = {isa = PBXFileReference; lastKnownFileType = image.png; path = "Screen Shot 2016-06-09 at 23.25.18.png"; sourceTree = "<group>"; };
		CDC76EE81D0EA839004F5DC0 /* ExploreCollectionViewController.swift */ = {isa = PBXFileReference; fileEncoding = 4; lastKnownFileType = sourcecode.swift; path = ExploreCollectionViewController.swift; sourceTree = "<group>"; };
		CDC76EEA1D0EAAB4004F5DC0 /* ExplorePhotoCollectionViewCell.swift */ = {isa = PBXFileReference; fileEncoding = 4; lastKnownFileType = sourcecode.swift; path = ExplorePhotoCollectionViewCell.swift; sourceTree = "<group>"; };
/* End PBXFileReference section */

/* Begin PBXFrameworksBuildPhase section */
		CDC76ECE1D0E9C55004F5DC0 /* Frameworks */ = {
			isa = PBXFrameworksBuildPhase;
			buildActionMask = 2147483647;
			files = (
			);
			runOnlyForDeploymentPostprocessing = 0;
		};
/* End PBXFrameworksBuildPhase section */

/* Begin PBXGroup section */
		CDC76EC81D0E9C55004F5DC0 = {
			isa = PBXGroup;
			children = (
				CDC76ED31D0E9C55004F5DC0 /* InstaFeed */,
				CDC76ED21D0E9C55004F5DC0 /* Products */,
			);
			sourceTree = "<group>";
		};
		CDC76ED21D0E9C55004F5DC0 /* Products */ = {
			isa = PBXGroup;
			children = (
				CDC76ED11D0E9C55004F5DC0 /* InstaFeed.app */,
			);
			name = Products;
			sourceTree = "<group>";
		};
		CDC76ED31D0E9C55004F5DC0 /* InstaFeed */ = {
			isa = PBXGroup;
			children = (
				CDC76EE61D0EA7F4004F5DC0 /* Screen Shot 2016-06-09 at 23.25.18.png */,
				CDC76ED41D0E9C55004F5DC0 /* AppDelegate.swift */,
				CDC76ED61D0E9C55004F5DC0 /* ViewController.swift */,
				CDC76ED81D0E9C55004F5DC0 /* Main.storyboard */,
				CDC76EE81D0EA839004F5DC0 /* ExploreCollectionViewController.swift */,
				CDC76EEA1D0EAAB4004F5DC0 /* ExplorePhotoCollectionViewCell.swift */,
				CDC76EDB1D0E9C55004F5DC0 /* Assets.xcassets */,
				CDC76EDD1D0E9C55004F5DC0 /* LaunchScreen.storyboard */,
				CDC76EE01D0E9C55004F5DC0 /* Info.plist */,
			);
			path = InstaFeed;
			sourceTree = "<group>";
		};
/* End PBXGroup section */

/* Begin PBXNativeTarget section */
		CDC76ED01D0E9C55004F5DC0 /* InstaFeed */ = {
			isa = PBXNativeTarget;
			buildConfigurationList = CDC76EE31D0E9C55004F5DC0 /* Build configuration list for PBXNativeTarget "InstaFeed" */;
			buildPhases = (
				CDC76ECD1D0E9C55004F5DC0 /* Sources */,
				CDC76ECE1D0E9C55004F5DC0 /* Frameworks */,
				CDC76ECF1D0E9C55004F5DC0 /* Resources */,
			);
			buildRules = (
			);
			dependencies = (
			);
			name = InstaFeed;
			productName = InstaFeed;
			productReference = CDC76ED11D0E9C55004F5DC0 /* InstaFeed.app */;
			productType = "com.apple.product-type.application";
		};
/* End PBXNativeTarget section */

/* Begin PBXProject section */
		CDC76EC91D0E9C55004F5DC0 /* Project object */ = {
			isa = PBXProject;
			attributes = {
				LastSwiftUpdateCheck = 0730;
				LastUpgradeCheck = 0730;
				ORGANIZATIONNAME = logicappsource;
				TargetAttributes = {
					CDC76ED01D0E9C55004F5DC0 = {
						CreatedOnToolsVersion = 7.3.1;
					};
				};
			};
			buildConfigurationList = CDC76ECC1D0E9C55004F5DC0 /* Build configuration list for PBXProject "InstaFeed" */;
			compatibilityVersion = "Xcode 3.2";
			developmentRegion = English;
			hasScannedForEncodings = 0;
			knownRegions = (
				en,
				Base,
			);
			mainGroup = CDC76EC81D0E9C55004F5DC0;
			productRefGroup = CDC76ED21D0E9C55004F5DC0 /* Products */;
			projectDirPath = "";
			projectRoot = "";
			targets = (
				CDC76ED01D0E9C55004F5DC0 /* InstaFeed */,
			);
		};
/* End PBXProject section */

/* Begin PBXResourcesBuildPhase section */
		CDC76ECF1D0E9C55004F5DC0 /* Resources */ = {
			isa = PBXResourcesBuildPhase;
			buildActionMask = 2147483647;
			files = (
				CDC76EDF1D0E9C55004F5DC0 /* LaunchScreen.storyboard in Resources */,
				CDC76EDC1D0E9C55004F5DC0 /* Assets.xcassets in Resources */,
				CDC76EDA1D0E9C55004F5DC0 /* Main.storyboard in Resources */,
				CDC76EE71D0EA7F4004F5DC0 /* Screen Shot 2016-06-09 at 23.25.18.png in Resources */,
			);
			runOnlyForDeploymentPostprocessing = 0;
		};
/* End PBXResourcesBuildPhase section */

/* Begin PBXSourcesBuildPhase section */
		CDC76ECD1D0E9C55004F5DC0 /* Sources */ = {
			isa = PBXSourcesBuildPhase;
			buildActionMask = 2147483647;
			files = (
				CDC76ED71D0E9C55004F5DC0 /* ViewController.swift in Sources */,
				CDC76ED51D0E9C55004F5DC0 /* AppDelegate.swift in Sources */,
				CDC76EE91D0EA839004F5DC0 /* ExploreCollectionViewController.swift in Sources */,
				CDC76EEB1D0EAAB4004F5DC0 /* ExplorePhotoCollectionViewCell.swift in Sources */,
			);
			runOnlyForDeploymentPostprocessing = 0;
		};
/* End PBXSourcesBuildPhase section */

/* Begin PBXVariantGroup section */
		CDC76ED81D0E9C55004F5DC0 /* Main.storyboard */ = {
			isa = PBXVariantGroup;
			children = (
				CDC76ED91D0E9C55004F5DC0 /* Base */,
			);
			name = Main.storyboard;
			sourceTree = "<group>";
		};
		CDC76EDD1D0E9C55004F5DC0 /* LaunchScreen.storyboard */ = {
			isa = PBXVariantGroup;
			children = (
				CDC76EDE1D0E9C55004F5DC0 /* Base */,
			);
			name = LaunchScreen.storyboard;
			sourceTree = "<group>";
		};
/* End PBXVariantGroup section */

/* Begin XCBuildConfiguration section */
		CDC76EE11D0E9C55004F5DC0 /* Debug */ = {
			isa = XCBuildConfiguration;
			buildSettings = {
				ALWAYS_SEARCH_USER_PATHS = NO;
				CLANG_ANALYZER_NONNULL = YES;
				CLANG_CXX_LANGUAGE_STANDARD = "gnu++0x";
				CLANG_CXX_LIBRARY = "libc++";
				CLANG_ENABLE_MODULES = YES;
				CLANG_ENABLE_OBJC_ARC = YES;
				CLANG_WARN_BOOL_CONVERSION = YES;
				CLANG_WARN_CONSTANT_CONVERSION = YES;
				CLANG_WARN_DIRECT_OBJC_ISA_USAGE = YES_ERROR;
				CLANG_WARN_EMPTY_BODY = YES;
				CLANG_WARN_ENUM_CONVERSION = YES;
				CLANG_WARN_INT_CONVERSION = YES;
				CLANG_WARN_OBJC_ROOT_CLASS = YES_ERROR;
				CLANG_WARN_UNREACHABLE_CODE = YES;
				CLANG_WARN__DUPLICATE_METHOD_MATCH = YES;
				"CODE_SIGN_IDENTITY[sdk=iphoneos*]" = "iPhone Developer";
				COPY_PHASE_STRIP = NO;
				DEBUG_INFORMATION_FORMAT = dwarf;
				ENABLE_STRICT_OBJC_MSGSEND = YES;
				ENABLE_TESTABILITY = YES;
				GCC_C_LANGUAGE_STANDARD = gnu99;
				GCC_DYNAMIC_NO_PIC = NO;
				GCC_NO_COMMON_BLOCKS = YES;
				GCC_OPTIMIZATION_LEVEL = 0;
				GCC_PREPROCESSOR_DEFINITIONS = (
					"DEBUG=1",
					"$(inherited)",
				);
				GCC_WARN_64_TO_32_BIT_CONVERSION = YES;
				GCC_WARN_ABOUT_RETURN_TYPE = YES_ERROR;
				GCC_WARN_UNDECLARED_SELECTOR = YES;
				GCC_WARN_UNINITIALIZED_AUTOS = YES_AGGRESSIVE;
				GCC_WARN_UNUSED_FUNCTION = YES;
				GCC_WARN_UNUSED_VARIABLE = YES;
				IPHONEOS_DEPLOYMENT_TARGET = 9.3;
				MTL_ENABLE_DEBUG_INFO = YES;
				ONLY_ACTIVE_ARCH = YES;
				SDKROOT = iphoneos;
				SWIFT_OPTIMIZATION_LEVEL = "-Onone";
				TARGETED_DEVICE_FAMILY = "1,2";
			};
			name = Debug;
		};
		CDC76EE21D0E9C55004F5DC0 /* Release */ = {
			isa = XCBuildConfiguration;
			buildSettings = {
				ALWAYS_SEARCH_USER_PATHS = NO;
				CLANG_ANALYZER_NONNULL = YES;
				CLANG_CXX_LANGUAGE_STANDARD = "gnu++0x";
				CLANG_CXX_LIBRARY = "libc++";
				CLANG_ENABLE_MODULES = YES;
				CLANG_ENABLE_OBJC_ARC = YES;
				CLANG_WARN_BOOL_CONVERSION = YES;
				CLANG_WARN_CONSTANT_CONVERSION = YES;
				CLANG_WARN_DIRECT_OBJC_ISA_USAGE = YES_ERROR;
				CLANG_WARN_EMPTY_BODY = YES;
				CLANG_WARN_ENUM_CONVERSION = YES;
				CLANG_WARN_INT_CONVERSION = YES;
				CLANG_WARN_OBJC_ROOT_CLASS = YES_ERROR;
				CLANG_WARN_UNREACHABLE_CODE = YES;
				CLANG_WARN__DUPLICATE_METHOD_MATCH = YES;
				"CODE_SIGN_IDENTITY[sdk=iphoneos*]" = "iPhone Developer";
				COPY_PHASE_STRIP = NO;
				DEBUG_INFORMATION_FORMAT = "dwarf-with-dsym";
				ENABLE_NS_ASSERTIONS = NO;
				ENABLE_STRICT_OBJC_MSGSEND = YES;
				GCC_C_LANGUAGE_STANDARD = gnu99;
				GCC_NO_COMMON_BLOCKS = YES;
				GCC_WARN_64_TO_32_BIT_CONVERSION = YES;
				GCC_WARN_ABOUT_RETURN_TYPE = YES_ERROR;
				GCC_WARN_UNDECLARED_SELECTOR = YES;
				GCC_WARN_UNINITIALIZED_AUTOS = YES_AGGRESSIVE;
				GCC_WARN_UNUSED_FUNCTION = YES;
				GCC_WARN_UNUSED_VARIABLE = YES;
				IPHONEOS_DEPLOYMENT_TARGET = 9.3;
				MTL_ENABLE_DEBUG_INFO = NO;
				SDKROOT = iphoneos;
				TARGETED_DEVICE_FAMILY = "1,2";
				VALIDATE_PRODUCT = YES;
			};
			name = Release;
		};
		CDC76EE41D0E9C55004F5DC0 /* Debug */ = {
			isa = XCBuildConfiguration;
			buildSettings = {
				ASSETCATALOG_COMPILER_APPICON_NAME = AppIcon;
				INFOPLIST_FILE = InstaFeed/Info.plist;
				LD_RUNPATH_SEARCH_PATHS = "$(inherited) @executable_path/Frameworks";
				PRODUCT_BUNDLE_IDENTIFIER = com.logicappsource.InstaFeed;
				PRODUCT_NAME = "$(TARGET_NAME)";
			};
			name = Debug;
		};
		CDC76EE51D0E9C55004F5DC0 /* Release */ = {
			isa = XCBuildConfiguration;
			buildSettings = {
				ASSETCATALOG_COMPILER_APPICON_NAME = AppIcon;
				INFOPLIST_FILE = InstaFeed/Info.plist;
				LD_RUNPATH_SEARCH_PATHS = "$(inherited) @executable_path/Frameworks";
				PRODUCT_BUNDLE_IDENTIFIER = com.logicappsource.InstaFeed;
				PRODUCT_NAME = "$(TARGET_NAME)";
			};
			name = Release;
		};
/* End XCBuildConfiguration section */

/* Begin XCConfigurationList section */
		CDC76ECC1D0E9C55004F5DC0 /* Build configuration list for PBXProject "InstaFeed" */ = {
			isa = XCConfigurationList;
			buildConfigurations = (
				CDC76EE11D0E9C55004F5DC0 /* Debug */,
				CDC76EE21D0E9C55004F5DC0 /* Release */,
			);
			defaultConfigurationIsVisible = 0;
			defaultConfigurationName = Release;
		};
		CDC76EE31D0E9C55004F5DC0 /* Build configuration list for PBXNativeTarget "InstaFeed" */ = {
			isa = XCConfigurationList;
			buildConfigurations = (
				CDC76EE41D0E9C55004F5DC0 /* Debug */,
				CDC76EE51D0E9C55004F5DC0 /* Release */,
			);
			defaultConfigurationIsVisible = 0;
			defaultConfigurationName = Release;
		};
/* End XCConfigurationList section */
	};
	rootObject = CDC76EC91D0E9C55004F5DC0 /* Project object */;
}
